
Microsoft Visual Studio Solution File, Format Version 12.00
# Visual Studio 15
VisualStudioVersion = 15.0.28307.168
MinimumVisualStudioVersion = 10.0.40219.1
Project("{F2A71F9B-5D33-465A-A702-920D77279786}") = "Compiler", "Compiler\Compiler.fsproj", "{3157407E-A917-428E-B9D8-A6C5B2B89926}"
EndProject
Project("{F2A71F9B-5D33-465A-A702-920D77279786}") = "CompilerLib", "CompilerLib\CompilerLib.fsproj", "{F71E592C-97F8-4E86-BC10-E1F99C391701}"
EndProject
Project("{F2A71F9B-5D33-465A-A702-920D77279786}") = "CompilerTests", "CompilerTests\CompilerTests.fsproj", "{FE0123F9-3059-4CDC-A9D5-484773B9AB8D}"
EndProject
Global
	GlobalSection(SolutionConfigurationPlatforms) = preSolution
		Debug|Any CPU = Debug|Any CPU
		Release|Any CPU = Release|Any CPU
	EndGlobalSection
	GlobalSection(ProjectConfigurationPlatforms) = postSolution
		{3157407E-A917-428E-B9D8-A6C5B2B89926}.Debug|Any CPU.ActiveCfg = Debug|Any CPU
		{3157407E-A917-428E-B9D8-A6C5B2B89926}.Debug|Any CPU.Build.0 = Debug|Any CPU
		{3157407E-A917-428E-B9D8-A6C5B2B89926}.Release|Any CPU.ActiveCfg = Release|Any CPU
		{3157407E-A917-428E-B9D8-A6C5B2B89926}.Release|Any CPU.Build.0 = Release|Any CPU
		{F71E592C-97F8-4E86-BC10-E1F99C391701}.Debug|Any CPU.ActiveCfg = Debug|Any CPU
		{F71E592C-97F8-4E86-BC10-E1F99C391701}.Debug|Any CPU.Build.0 = Debug|Any CPU
		{F71E592C-97F8-4E86-BC10-E1F99C391701}.Release|Any CPU.ActiveCfg = Release|Any CPU
		{F71E592C-97F8-4E86-BC10-E1F99C391701}.Release|Any CPU.Build.0 = Release|Any CPU
		{FE0123F9-3059-4CDC-A9D5-484773B9AB8D}.Debug|Any CPU.ActiveCfg = Debug|Any CPU
		{FE0123F9-3059-4CDC-A9D5-484773B9AB8D}.Debug|Any CPU.Build.0 = Debug|Any CPU
		{FE0123F9-3059-4CDC-A9D5-484773B9AB8D}.Release|Any CPU.ActiveCfg = Release|Any CPU
		{FE0123F9-3059-4CDC-A9D5-484773B9AB8D}.Release|Any CPU.Build.0 = Release|Any CPU
	EndGlobalSection
	GlobalSection(SolutionProperties) = preSolution
		HideSolutionNode = FALSE
	EndGlobalSection
	GlobalSection(ExtensibilityGlobals) = postSolution
		SolutionGuid = {BF422AB2-5945-45C4-AE87-D09232827696}
	EndGlobalSection
EndGlobal
